github.com/0xrinful/rush v0.3.0 h1:BsdiHKfjB3wNqbz6Ozp3ojLgoU5Erjpuij4zjUIzEjc=
github.com/0xrinful/rush v0.3.0/go.mod h1:Tsab50YzG8mj23hYXqrvRKzGq8oZDaMIPBTzzJncZlE=
github.com/lib/pq v1.10.9 h1:YXG7RB+JIjhP29X+OtkiDnYaXQwpS4JEWq7dtCCRUEw=
github.com/lib/pq v1.10.9/go.mod h1:AlVN5x4E4T544tWzH6hKfbfQvm3HdbOxrmggDNAPY9o=
